
Microsoft Visual Studio Solution File, Format Version 12.00
# Visual Studio 15
VisualStudioVersion = 15.0.27130.2027
MinimumVisualStudioVersion = 10.0.40219.1
Project("{FAE04EC0-301F-11D3-BF4B-00C04F79EFBC}") = "Client2FileSync", "Client2FileSync\Client2FileSync.csproj", "{FF86791F-360E-4844-A705-10BFB334BBDF}"
EndProject
Global
	GlobalSection(SolutionConfigurationPlatforms) = preSolution
		Debug|Any CPU = Debug|Any CPU
		Release|Any CPU = Release|Any CPU
	EndGlobalSection
	GlobalSection(ProjectConfigurationPlatforms) = postSolution
		{FF86791F-360E-4844-A705-10BFB334BBDF}.Debug|Any CPU.ActiveCfg = Debug|Any CPU
		{FF86791F-360E-4844-A705-10BFB334BBDF}.Debug|Any CPU.Build.0 = Debug|Any CPU
		{FF86791F-360E-4844-A705-10BFB334BBDF}.Release|Any CPU.ActiveCfg = Release|Any CPU
		{FF86791F-360E-4844-A705-10BFB334BBDF}.Release|Any CPU.Build.0 = Release|Any CPU
	EndGlobalSection
	GlobalSection(SolutionProperties) = preSolution
		HideSolutionNode = FALSE
	EndGlobalSection
	GlobalSection(ExtensibilityGlobals) = postSolution
		SolutionGuid = {F58BE827-4BA4-4C57-B0BE-72CF484B470F}
	EndGlobalSection
EndGlobal
